{
  "nodes": {
    "nixpkgs": {
      "locked": {
        "lastModified": 1742963555,
        "narHash": "sha256-DeOXhFP34tr/ec/24TVvytA9x5DuwcjuCKGNhhkb4PU=",
        "owner": "nixos",
        "repo": "nixpkgs",
        "rev": "63b416944c7821a13bd1aafb86d3df3de6765f0b",
        "type": "github"
      },
      "original": {
        "owner": "nixos",
        "repo": "nixpkgs",
        "type": "github"
      }
    },
    "root": {
      "inputs": {
        "nixpkgs": "nixpkgs"
      }
    }
  },
  "root": "root",
  "version": 7
}
